
Microsoft Visual Studio Solution File, Format Version 12.00
# Visual Studio Version 17
VisualStudioVersion = 17.6.33829.357
MinimumVisualStudioVersion = 10.0.40219.1
Project("{FAE04EC0-301F-11D3-BF4B-00C04F79EFBC}") = "exppo1", "exppo1\exppo1.csproj", "{61F62357-8F18-472F-9D09-927FD49B738E}"
EndProject
Global
	GlobalSection(SolutionConfigurationPlatforms) = preSolution
		Debug|Any CPU = Debug|Any CPU
		Release|Any CPU = Release|Any CPU
	EndGlobalSection
	GlobalSection(ProjectConfigurationPlatforms) = postSolution
		{61F62357-8F18-472F-9D09-927FD49B738E}.Debug|Any CPU.ActiveCfg = Debug|Any CPU
		{61F62357-8F18-472F-9D09-927FD49B738E}.Debug|Any CPU.Build.0 = Debug|Any CPU
		{61F62357-8F18-472F-9D09-927FD49B738E}.Release|Any CPU.ActiveCfg = Release|Any CPU
		{61F62357-8F18-472F-9D09-927FD49B738E}.Release|Any CPU.Build.0 = Release|Any CPU
	EndGlobalSection
	GlobalSection(SolutionProperties) = preSolution
		HideSolutionNode = FALSE
	EndGlobalSection
	GlobalSection(ExtensibilityGlobals) = postSolution
		SolutionGuid = {B70C7F92-ECE7-49BD-8DCF-8E390F5D5E3B}
	EndGlobalSection
EndGlobal
