
Microsoft Visual Studio Solution File, Format Version 12.00
# Visual Studio Version 17
VisualStudioVersion = 17.6.33829.357
MinimumVisualStudioVersion = 10.0.40219.1
Project("{FAE04EC0-301F-11D3-BF4B-00C04F79EFBC}") = "estoque", "estoque\estoque.csproj", "{D0D6BF50-69E8-44F6-AAF0-B8F1087F0819}"
EndProject
Global
	GlobalSection(SolutionConfigurationPlatforms) = preSolution
		Debug|Any CPU = Debug|Any CPU
		Release|Any CPU = Release|Any CPU
	EndGlobalSection
	GlobalSection(ProjectConfigurationPlatforms) = postSolution
		{D0D6BF50-69E8-44F6-AAF0-B8F1087F0819}.Debug|Any CPU.ActiveCfg = Debug|Any CPU
		{D0D6BF50-69E8-44F6-AAF0-B8F1087F0819}.Debug|Any CPU.Build.0 = Debug|Any CPU
		{D0D6BF50-69E8-44F6-AAF0-B8F1087F0819}.Release|Any CPU.ActiveCfg = Release|Any CPU
		{D0D6BF50-69E8-44F6-AAF0-B8F1087F0819}.Release|Any CPU.Build.0 = Release|Any CPU
	EndGlobalSection
	GlobalSection(SolutionProperties) = preSolution
		HideSolutionNode = FALSE
	EndGlobalSection
	GlobalSection(ExtensibilityGlobals) = postSolution
		SolutionGuid = {32FE7CDF-79ED-4A3C-84D8-1998E94BB24D}
	EndGlobalSection
EndGlobal
