
Microsoft Visual Studio Solution File, Format Version 12.00
# Visual Studio Version 17
VisualStudioVersion = 17.6.33829.357
MinimumVisualStudioVersion = 10.0.40219.1
Project("{FAE04EC0-301F-11D3-BF4B-00C04F79EFBC}") = "Vetoresex", "vetoresex\Vetoresex.csproj", "{C25F2C8B-2D19-4EC0-8F24-875B165B360B}"
EndProject
Global
	GlobalSection(SolutionConfigurationPlatforms) = preSolution
		Debug|Any CPU = Debug|Any CPU
		Release|Any CPU = Release|Any CPU
	EndGlobalSection
	GlobalSection(ProjectConfigurationPlatforms) = postSolution
		{C25F2C8B-2D19-4EC0-8F24-875B165B360B}.Debug|Any CPU.ActiveCfg = Debug|Any CPU
		{C25F2C8B-2D19-4EC0-8F24-875B165B360B}.Debug|Any CPU.Build.0 = Debug|Any CPU
		{C25F2C8B-2D19-4EC0-8F24-875B165B360B}.Release|Any CPU.ActiveCfg = Release|Any CPU
		{C25F2C8B-2D19-4EC0-8F24-875B165B360B}.Release|Any CPU.Build.0 = Release|Any CPU
	EndGlobalSection
	GlobalSection(SolutionProperties) = preSolution
		HideSolutionNode = FALSE
	EndGlobalSection
	GlobalSection(ExtensibilityGlobals) = postSolution
		SolutionGuid = {794EDFDF-7812-4760-89EC-F9214D8CE945}
	EndGlobalSection
EndGlobal
