
Microsoft Visual Studio Solution File, Format Version 12.00
# Visual Studio Version 17
VisualStudioVersion = 17.6.33829.357
MinimumVisualStudioVersion = 10.0.40219.1
Project("{FAE04EC0-301F-11D3-BF4B-00C04F79EFBC}") = "aritimeticos", "aritimeticos\aritimeticos.csproj", "{3342307C-7121-42F8-9DAC-6F694BF33DBC}"
EndProject
Global
	GlobalSection(SolutionConfigurationPlatforms) = preSolution
		Debug|Any CPU = Debug|Any CPU
		Release|Any CPU = Release|Any CPU
	EndGlobalSection
	GlobalSection(ProjectConfigurationPlatforms) = postSolution
		{3342307C-7121-42F8-9DAC-6F694BF33DBC}.Debug|Any CPU.ActiveCfg = Debug|Any CPU
		{3342307C-7121-42F8-9DAC-6F694BF33DBC}.Debug|Any CPU.Build.0 = Debug|Any CPU
		{3342307C-7121-42F8-9DAC-6F694BF33DBC}.Release|Any CPU.ActiveCfg = Release|Any CPU
		{3342307C-7121-42F8-9DAC-6F694BF33DBC}.Release|Any CPU.Build.0 = Release|Any CPU
	EndGlobalSection
	GlobalSection(SolutionProperties) = preSolution
		HideSolutionNode = FALSE
	EndGlobalSection
	GlobalSection(ExtensibilityGlobals) = postSolution
		SolutionGuid = {0F9A3596-5B12-465B-A7BE-8A2967B244A3}
	EndGlobalSection
EndGlobal
