
Microsoft Visual Studio Solution File, Format Version 12.00
# Visual Studio Version 17
VisualStudioVersion = 17.6.33829.357
MinimumVisualStudioVersion = 10.0.40219.1
Project("{FAE04EC0-301F-11D3-BF4B-00C04F79EFBC}") = "forfor", "forfor\forfor.csproj", "{12BB660C-2C86-411D-88FF-4E861F4AC113}"
EndProject
Global
	GlobalSection(SolutionConfigurationPlatforms) = preSolution
		Debug|Any CPU = Debug|Any CPU
		Release|Any CPU = Release|Any CPU
	EndGlobalSection
	GlobalSection(ProjectConfigurationPlatforms) = postSolution
		{12BB660C-2C86-411D-88FF-4E861F4AC113}.Debug|Any CPU.ActiveCfg = Debug|Any CPU
		{12BB660C-2C86-411D-88FF-4E861F4AC113}.Debug|Any CPU.Build.0 = Debug|Any CPU
		{12BB660C-2C86-411D-88FF-4E861F4AC113}.Release|Any CPU.ActiveCfg = Release|Any CPU
		{12BB660C-2C86-411D-88FF-4E861F4AC113}.Release|Any CPU.Build.0 = Release|Any CPU
	EndGlobalSection
	GlobalSection(SolutionProperties) = preSolution
		HideSolutionNode = FALSE
	EndGlobalSection
	GlobalSection(ExtensibilityGlobals) = postSolution
		SolutionGuid = {CA42893E-C540-4A10-8DA8-2819AB0BB7FC}
	EndGlobalSection
EndGlobal
